
Microsoft Visual Studio Solution File, Format Version 12.00
# Visual Studio 15
VisualStudioVersion = 15.0.28307.902
MinimumVisualStudioVersion = 10.0.40219.1
Project("{888888A0-9F3D-457C-B088-3A5042F75D52}") = "lawson_to_tc", "lawson_to_tc.pyproj", "{B12E9240-857D-4623-BC98-5C7445736C0B}"
EndProject
Global
	GlobalSection(SolutionConfigurationPlatforms) = preSolution
		Debug|Any CPU = Debug|Any CPU
		Release|Any CPU = Release|Any CPU
	EndGlobalSection
	GlobalSection(ProjectConfigurationPlatforms) = postSolution
		{B12E9240-857D-4623-BC98-5C7445736C0B}.Debug|Any CPU.ActiveCfg = Debug|Any CPU
		{B12E9240-857D-4623-BC98-5C7445736C0B}.Release|Any CPU.ActiveCfg = Release|Any CPU
	EndGlobalSection
	GlobalSection(SolutionProperties) = preSolution
		HideSolutionNode = FALSE
	EndGlobalSection
	GlobalSection(ExtensibilityGlobals) = postSolution
		SolutionGuid = {A388A1F7-9915-4E47-80D7-C7EAEBE44CD0}
	EndGlobalSection
EndGlobal
